
Microsoft Visual Studio Solution File, Format Version 12.00
# Visual Studio Version 16
VisualStudioVersion = 16.0.31205.134
MinimumVisualStudioVersion = 10.0.40219.1
Project("{FAE04EC0-301F-11D3-BF4B-00C04F79EFBC}") = "Practo_mini", "Practo_mini\Practo_mini.csproj", "{C64CD9A2-0BE7-489B-8414-BA6D5A393E9B}"
EndProject
Global
	GlobalSection(SolutionConfigurationPlatforms) = preSolution
		Debug|Any CPU = Debug|Any CPU
		Release|Any CPU = Release|Any CPU
	EndGlobalSection
	GlobalSection(ProjectConfigurationPlatforms) = postSolution
		{C64CD9A2-0BE7-489B-8414-BA6D5A393E9B}.Debug|Any CPU.ActiveCfg = Debug|Any CPU
		{C64CD9A2-0BE7-489B-8414-BA6D5A393E9B}.Debug|Any CPU.Build.0 = Debug|Any CPU
		{C64CD9A2-0BE7-489B-8414-BA6D5A393E9B}.Release|Any CPU.ActiveCfg = Release|Any CPU
		{C64CD9A2-0BE7-489B-8414-BA6D5A393E9B}.Release|Any CPU.Build.0 = Release|Any CPU
	EndGlobalSection
	GlobalSection(SolutionProperties) = preSolution
		HideSolutionNode = FALSE
	EndGlobalSection
	GlobalSection(ExtensibilityGlobals) = postSolution
		SolutionGuid = {4602F263-9F6F-45BA-B474-AFDDE975569B}
	EndGlobalSection
EndGlobal
